<?xml version="1.0" encoding="utf-8"?>
<Project ToolsVersion="4.0" xmlns="http://schemas.microsoft.com/developer/msbuild/2003">
  <ItemGroup>
    <Filter Include="Code">
      <UniqueIdentifier>{4FC737F1-C7A5-4376-A066-2A32D752A2FF}</UniqueIdentifier>
      <Extensions>cpp;c;cc;cxx;def;odl;idl;hpj;bat;asm;asmx</Extensions>
    </Filter>
    <Filter Include="Include">
      <UniqueIdentifier>{93995380-89BD-4b04-88EB-625FBE52EBFB}</UniqueIdentifier>
      <Extensions>h;hh;hpp;hxx;hm;inl;inc;xsd</Extensions>
    </Filter>
    <Filter Include="Resourses">
      <UniqueIdentifier>{67DA6AB6-F800-4c08-8B7A-83BB121AAD01}</UniqueIdentifier>
      <Extensions>rc;ico;cur;bmp;dlg;rc2;rct;bin;rgs;gif;jpg;jpeg;jpe;resx;tiff;tif;png;wav;mfcribbon-ms</Extensions>
    </Filter>
    <Filter Include="Code\Engine">
      <UniqueIdentifier>{72379268-e44e-43b5-bd16-631f6b899039}</UniqueIdentifier>
    </Filter>
    <Filter Include="Include\Engine">
      <UniqueIdentifier>{bb5a1ad8-25d5-4cfe-b570-8029e55110e9}</UniqueIdentifier>
    </Filter>
    <Filter Include="Code\Entity">
      <UniqueIdentifier>{38a69c4a-55d6-4b54-adaa-860e7c76e472}</UniqueIdentifier>
    </Filter>
    <Filter Include="Include\Entity">
      <UniqueIdentifier>{acaefd45-9ba3-4de2-bf54-51f17e5da10a}</UniqueIdentifier>
    </Filter>
    <Filter Include="Resourses\Map">
      <UniqueIdentifier>{551449ff-3ef0-41a4-a012-6e6c018933d3}</UniqueIdentifier>
    </Filter>
    <Filter Include="Libs">
      <UniqueIdentifier>{9fcee891-0e34-40ec-9b71-814fb4a9e8bc}</UniqueIdentifier>
    </Filter>
    <Filter Include="Resourses\Map\Tile">
      <UniqueIdentifier>{70314797-57b6-4ab4-8959-b900f106ce2a}</UniqueIdentifier>
    </Filter>
    <Filter Include="Include\GraphicLoader">
      <UniqueIdentifier>{f6a02e2c-c89d-4a18-af97-6b83ff266948}</UniqueIdentifier>
    </Filter>
    <Filter Include="Code\GraphicLoader">
      <UniqueIdentifier>{97969a75-9463-4e08-86e9-f5649645ed82}</UniqueIdentifier>
    </Filter>
    <Filter Include="Code\Animation">
      <UniqueIdentifier>{facdfa6c-edb7-4a7a-863d-18474e71f143}</UniqueIdentifier>
    </Filter>
    <Filter Include="Include\Animation">
      <UniqueIdentifier>{20b7d910-d06c-4012-9391-c70ba2d5db58}</UniqueIdentifier>
    </Filter>
  </ItemGroup>
  <ItemGroup>
    <ClCompile Include="Code\Source.cpp">
      <Filter>Code</Filter>
    </ClCompile>
    <ClCompile Include="Code\Engine\Engine.cpp">
      <Filter>Code\Engine</Filter>
    </ClCompile>
    <ClCompile Include="Code\Entity\Entity.cpp">
      <Filter>Code\Entity</Filter>
    </ClCompile>
    <ClCompile Include="Libs\tinyxml2\tinyxml2.cpp">
      <Filter>Libs</Filter>
    </ClCompile>
    <ClCompile Include="Code\GraphicLoader\GraphicLoader.cpp">
      <Filter>Code\GraphicLoader</Filter>
    </ClCompile>
    <ClCompile Include="Code\GraphicLoader\Layer.cpp">
      <Filter>Code\GraphicLoader</Filter>
    </ClCompile>
    <ClCompile Include="Code\GraphicLoader\Tileset.cpp">
      <Filter>Code\GraphicLoader</Filter>
    </ClCompile>
    <ClCompile Include="Code\Entity\AnimatedEntity.cpp">
      <Filter>Code\Entity</Filter>
    </ClCompile>
    <ClCompile Include="Code\Entity\Player.cpp">
      <Filter>Code\Entity</Filter>
    </ClCompile>
    <ClCompile Include="Animation.cpp">
      <Filter>Code\Animation</Filter>
    </ClCompile>
    <ClCompile Include="Code\GraphicLoader\Object.cpp">
      <Filter>Code\GraphicLoader</Filter>
    </ClCompile>
  </ItemGroup>
  <ItemGroup>
    <ClInclude Include="Include\Header.hpp">
      <Filter>Include</Filter>
    </ClInclude>
    <ClInclude Include="Include\Engine\Engine.hpp">
      <Filter>Include\Engine</Filter>
    </ClInclude>
    <ClInclude Include="Include\Entity\Entity.hpp">
      <Filter>Include\Entity</Filter>
    </ClInclude>
    <ClInclude Include="Include\GraphicLoader\Tileset.hpp">
      <Filter>Include\GraphicLoader</Filter>
    </ClInclude>
    <ClInclude Include="Include\GraphicLoader\GraphicLoader.hpp">
      <Filter>Include\GraphicLoader</Filter>
    </ClInclude>
    <ClInclude Include="Include\GraphicLoader\Layer.hpp">
      <Filter>Include\GraphicLoader</Filter>
    </ClInclude>
    <ClInclude Include="Include\Entity\AnimatedEntity.hpp">
      <Filter>Include\Entity</Filter>
    </ClInclude>
    <ClInclude Include="Include\Entity\Player.hpp">
      <Filter>Include\Entity</Filter>
    </ClInclude>
    <ClInclude Include="Include\GraphicLoader\Object.hpp">
      <Filter>Include\GraphicLoader</Filter>
    </ClInclude>
    <ClInclude Include="Animation.hpp">
      <Filter>Include\Animation</Filter>
    </ClInclude>
  </ItemGroup>
  <ItemGroup>
    <None Include="Resourses\Map\test_map_1.tmx">
      <Filter>Resourses\Map</Filter>
    </None>
    <None Include="Resourses\Map\test_map_2.tmx">
      <Filter>Resourses\Map</Filter>
    </None>
  </ItemGroup>
  <ItemGroup>
    <Image Include="Resourses\Map\Tile\tile_blue.png">
      <Filter>Resourses\Map\Tile</Filter>
    </Image>
    <Image Include="Resourses\Map\Tile\tile_green.png">
      <Filter>Resourses\Map\Tile</Filter>
    </Image>
    <Image Include="Resourses\Map\Tile\tile_red.png">
      <Filter>Resourses\Map\Tile</Filter>
    </Image>
  </ItemGroup>
</Project>