<?xml version="1.0" encoding="utf-8"?>
<Project ToolsVersion="4.0" xmlns="http://schemas.microsoft.com/developer/msbuild/2003">
  <ItemGroup>
    <Filter Include="Code">
      <UniqueIdentifier>{4FC737F1-C7A5-4376-A066-2A32D752A2FF}</UniqueIdentifier>
      <Extensions>cpp;c;cc;cxx;def;odl;idl;hpj;bat;asm;asmx</Extensions>
    </Filter>
    <Filter Include="Include">
      <UniqueIdentifier>{93995380-89BD-4b04-88EB-625FBE52EBFB}</UniqueIdentifier>
      <Extensions>h;hh;hpp;hxx;hm;inl;inc;xsd</Extensions>
    </Filter>
    <Filter Include="Resourses">
      <UniqueIdentifier>{67DA6AB6-F800-4c08-8B7A-83BB121AAD01}</UniqueIdentifier>
      <Extensions>rc;ico;cur;bmp;dlg;rc2;rct;bin;rgs;gif;jpg;jpeg;jpe;resx;tiff;tif;png;wav;mfcribbon-ms</Extensions>
    </Filter>
    <Filter Include="Code\Engine">
      <UniqueIdentifier>{72379268-e44e-43b5-bd16-631f6b899039}</UniqueIdentifier>
    </Filter>
    <Filter Include="Include\Engine">
      <UniqueIdentifier>{bb5a1ad8-25d5-4cfe-b570-8029e55110e9}</UniqueIdentifier>
    </Filter>
    <Filter Include="Code\Entity">
      <UniqueIdentifier>{38a69c4a-55d6-4b54-adaa-860e7c76e472}</UniqueIdentifier>
    </Filter>
    <Filter Include="Include\Entity">
      <UniqueIdentifier>{acaefd45-9ba3-4de2-bf54-51f17e5da10a}</UniqueIdentifier>
    </Filter>
    <Filter Include="Resourses\Tile">
      <UniqueIdentifier>{70314797-57b6-4ab4-8959-b900f106ce2a}</UniqueIdentifier>
    </Filter>
    <Filter Include="Resourses\Map">
      <UniqueIdentifier>{551449ff-3ef0-41a4-a012-6e6c018933d3}</UniqueIdentifier>
    </Filter>
    <Filter Include="Code\TinyXML">
      <UniqueIdentifier>{66efafa8-ef9a-4401-8b18-3bdbd065c84d}</UniqueIdentifier>
    </Filter>
  </ItemGroup>
  <ItemGroup>
    <ClCompile Include="Code\Source.cpp">
      <Filter>Code</Filter>
    </ClCompile>
    <ClCompile Include="Code\Engine\Engine.cpp">
      <Filter>Code\Engine</Filter>
    </ClCompile>
    <ClCompile Include="Code\Entity\Entity.cpp">
      <Filter>Code\Entity</Filter>
    </ClCompile>
    <ClCompile Include="Libs\TinyXML\tinystr.cpp">
      <Filter>Code\TinyXML</Filter>
    </ClCompile>
    <ClCompile Include="Libs\TinyXML\tinyxml.cpp">
      <Filter>Code\TinyXML</Filter>
    </ClCompile>
    <ClCompile Include="Libs\TinyXML\tinyxmlerror.cpp">
      <Filter>Code\TinyXML</Filter>
    </ClCompile>
    <ClCompile Include="Libs\TinyXML\tinyxmlparser.cpp">
      <Filter>Code\TinyXML</Filter>
    </ClCompile>
  </ItemGroup>
  <ItemGroup>
    <ClInclude Include="Include\Header.hpp">
      <Filter>Include</Filter>
    </ClInclude>
    <ClInclude Include="Include\Engine\Engine.hpp">
      <Filter>Include\Engine</Filter>
    </ClInclude>
    <ClInclude Include="Include\Entity\Entity.hpp">
      <Filter>Include\Entity</Filter>
    </ClInclude>
    <ClInclude Include="Include\Engine\Level.hpp">
      <Filter>Include\Engine</Filter>
    </ClInclude>
  </ItemGroup>
  <ItemGroup>
    <None Include="Resourses\Map\bomsh.tmx">
      <Filter>Resourses\Map</Filter>
    </None>
    <None Include="Resourses\Map\bomsh2.tmx">
      <Filter>Resourses\Map</Filter>
    </None>
  </ItemGroup>
  <ItemGroup>
    <Image Include="Resourses\Tile\tile.png">
      <Filter>Resourses\Tile</Filter>
    </Image>
    <Image Include="Resourses\Tile\tile1.png">
      <Filter>Resourses\Tile</Filter>
    </Image>
    <Image Include="Resourses\Tile\tile2.png">
      <Filter>Resourses\Tile</Filter>
    </Image>
    <Image Include="Resourses\Tile\tile3.png">
      <Filter>Resourses\Tile</Filter>
    </Image>
    <Image Include="Resourses\Tile\tile4.png">
      <Filter>Resourses\Tile</Filter>
    </Image>
    <Image Include="Resourses\Tile\tile5.png">
      <Filter>Resourses\Tile</Filter>
    </Image>
  </ItemGroup>
</Project>